// !$*UTF8*$!
{
	archiveVersion = 1;
	classes = {
	};
	objectVersion = 77;
	objects = {

/* Begin PBXBuildFile section */
		775370572F3E603200060523 /* Pomodoro-Screen-Timer-Info.plist in Resources */ = {isa = PBXBuildFile; fileRef = 775370562F3E603200060523 /* Pomodoro-Screen-Timer-Info.plist */; };
		777A57A92E81F55400550E2D /* LoginItemHelper.app in Resources */ = {isa = PBXBuildFile; fileRef = 77C0F8602E7B2BDF00722B25 /* LoginItemHelper.app */; };
		777A57B62E81FEC900550E2D /* LoginItemHelper.app in CopyFiles */ = {isa = PBXBuildFile; fileRef = 77C0F8602E7B2BDF00722B25 /* LoginItemHelper.app */; settings = {ATTRIBUTES = (RemoveHeadersOnCopy, ); }; };
/* End PBXBuildFile section */

/* Begin PBXContainerItemProxy section */
		777A57B42E81FEBE00550E2D /* PBXContainerItemProxy */ = {
			isa = PBXContainerItemProxy;
			containerPortal = 77C0F8252E7B2BCA00722B25 /* Project object */;
			proxyType = 1;
			remoteGlobalIDString = 77C0F85F2E7B2BDF00722B25;
			remoteInfo = LoginItemHelper;
		};
		77C0F8402E7B2BCB00722B25 /* PBXContainerItemProxy */ = {
			isa = PBXContainerItemProxy;
			containerPortal = 77C0F8252E7B2BCA00722B25 /* Project object */;
			proxyType = 1;
			remoteGlobalIDString = 77C0F82C2E7B2BCA00722B25;
			remoteInfo = "Pomodoro Screen Timer";
		};
		77C0F84A2E7B2BCB00722B25 /* PBXContainerItemProxy */ = {
			isa = PBXContainerItemProxy;
			containerPortal = 77C0F8252E7B2BCA00722B25 /* Project object */;
			proxyType = 1;
			remoteGlobalIDString = 77C0F82C2E7B2BCA00722B25;
			remoteInfo = "Pomodoro Screen Timer";
		};
		77C0F8722E7B2BE000722B25 /* PBXContainerItemProxy */ = {
			isa = PBXContainerItemProxy;
			containerPortal = 77C0F8252E7B2BCA00722B25 /* Project object */;
			proxyType = 1;
			remoteGlobalIDString = 77C0F85F2E7B2BDF00722B25;
			remoteInfo = LoginItemHelper;
		};
		77C0F87C2E7B2BE000722B25 /* PBXContainerItemProxy */ = {
			isa = PBXContainerItemProxy;
			containerPortal = 77C0F8252E7B2BCA00722B25 /* Project object */;
			proxyType = 1;
			remoteGlobalIDString = 77C0F85F2E7B2BDF00722B25;
			remoteInfo = LoginItemHelper;
		};
/* End PBXContainerItemProxy section */

/* Begin PBXCopyFilesBuildPhase section */
		777A57B22E81F62500550E2D /* CopyFiles */ = {
			isa = PBXCopyFilesBuildPhase;
			buildActionMask = 2147483647;
			dstPath = Contents/Library/LoginItems;
			dstSubfolderSpec = 1;
			files = (
				777A57B62E81FEC900550E2D /* LoginItemHelper.app in CopyFiles */,
			);
			runOnlyForDeploymentPostprocessing = 0;
		};
/* End PBXCopyFilesBuildPhase section */

/* Begin PBXFileReference section */
		775370562F3E603200060523 /* Pomodoro-Screen-Timer-Info.plist */ = {isa = PBXFileReference; lastKnownFileType = text.plist.xml; path = "Pomodoro-Screen-Timer-Info.plist"; sourceTree = "<group>"; };
		77C0F82D2E7B2BCA00722B25 /* Pomodoro Screen Timer.app */ = {isa = PBXFileReference; explicitFileType = wrapper.application; includeInIndex = 0; path = "Pomodoro Screen Timer.app"; sourceTree = BUILT_PRODUCTS_DIR; };
		77C0F83F2E7B2BCB00722B25 /* Pomodoro Screen TimerTests.xctest */ = {isa = PBXFileReference; explicitFileType = wrapper.cfbundle; includeInIndex = 0; path = "Pomodoro Screen TimerTests.xctest"; sourceTree = BUILT_PRODUCTS_DIR; };
		77C0F8492E7B2BCB00722B25 /* Pomodoro Screen TimerUITests.xctest */ = {isa = PBXFileReference; explicitFileType = wrapper.cfbundle; includeInIndex = 0; path = "Pomodoro Screen TimerUITests.xctest"; sourceTree = BUILT_PRODUCTS_DIR; };
		77C0F8602E7B2BDF00722B25 /* LoginItemHelper.app */ = {isa = PBXFileReference; explicitFileType = wrapper.application; includeInIndex = 0; path = LoginItemHelper.app; sourceTree = BUILT_PRODUCTS_DIR; };
		77C0F8712E7B2BE000722B25 /* LoginItemHelperTests.xctest */ = {isa = PBXFileReference; explicitFileType = wrapper.cfbundle; includeInIndex = 0; path = LoginItemHelperTests.xctest; sourceTree = BUILT_PRODUCTS_DIR; };
		77C0F87B2E7B2BE000722B25 /* LoginItemHelperUITests.xctest */ = {isa = PBXFileReference; explicitFileType = wrapper.cfbundle; includeInIndex = 0; path = LoginItemHelperUITests.xctest; sourceTree = BUILT_PRODUCTS_DIR; };
/* End PBXFileReference section */

/* Begin PBXFileSystemSynchronizedBuildFileExceptionSet section */
		7753701D2F3E56C300060523 /* Exceptions for "Sources" folder in "Pomodoro Screen Timer" target */ = {
			isa = PBXFileSystemSynchronizedBuildFileExceptionSet;
			membershipExceptions = (
				PomodoroScreenTimer/Core/AlarmHandle.swift,
				PomodoroScreenTimer/Core/OverlayConfig.swift,
				PomodoroScreenTimer/Core/OverlayController.swift,
				PomodoroScreenTimer/Core/Phase.swift,
				PomodoroScreenTimer/Core/SettingsStore.swift,
				PomodoroScreenTimer/Core/TimerModel.swift,
				"PomodoroScreenTimer/Extensions/Comparable+Extensions.swift",
				PomodoroScreenTimer/Pomodoro_Screen_Timer.xcdatamodeld,
				PomodoroScreenTimer/Pomodoro_Screen_TimerApp.swift,
				PomodoroScreenTimer/Resources/Assets.xcassets,
				PomodoroScreenTimer/Resources/Icon.icon,
				PomodoroScreenTimer/Services/AlarmPlayer.swift,
				PomodoroScreenTimer/Services/AppLifecycle.swift,
				PomodoroScreenTimer/Services/LoginItemManager.swift,
				PomodoroScreenTimer/Services/Persistence.swift,
				PomodoroScreenTimer/Services/SpeechSynthesizer.swift,
				PomodoroScreenTimer/Services/SystemSounds.swift,
				PomodoroScreenTimer/Utils/FileSelectionHelper.swift,
				PomodoroScreenTimer/Utils/OverlayNSWindow.swift,
				PomodoroScreenTimer/Utils/WindowBehaviorConfigurator.swift,
				PomodoroScreenTimer/Views/ContentView.swift,
				PomodoroScreenTimer/Views/MainView.swift,
				PomodoroScreenTimer/Views/MenuBar/MenuBarStatusLabelView.swift,
				PomodoroScreenTimer/Views/MenuBar/MenuBarView.swift,
				PomodoroScreenTimer/Views/MenuBar/StatusImage.swift,
				PomodoroScreenTimer/Views/OverlayView.swift,
				PomodoroScreenTimer/Views/ProgressRingView.swift,
				PomodoroScreenTimer/Views/Settings/Components/AlarmTestButton.swift,
				PomodoroScreenTimer/Views/Settings/Components/DurationRow.swift,
				PomodoroScreenTimer/Views/Settings/Components/ImagePickerRow.swift,
				PomodoroScreenTimer/Views/Settings/Components/OverlaySection.swift,
				PomodoroScreenTimer/Views/Settings/Components/SettingsGridRow.swift,
				PomodoroScreenTimer/Views/Settings/Components/SoundPickerSection.swift,
				PomodoroScreenTimer/Views/Settings/Components/VoicePicker.swift,
				PomodoroScreenTimer/Views/Settings/SettingsView.swift,
				PomodoroScreenTimer/Views/Settings/Tabs/OverlaySettingsTab.swift,
				PomodoroScreenTimer/Views/Settings/Tabs/SoundSettingsTab.swift,
				PomodoroScreenTimer/Views/Settings/Tabs/StartupSettingsTab.swift,
				PomodoroScreenTimer/Views/Settings/Tabs/TimerSettingsTab.swift,
			);
			target = 77C0F82C2E7B2BCA00722B25 /* Pomodoro Screen Timer */;
		};
		7753701F2F3E56C300060523 /* Exceptions for "Sources" folder in "LoginItemHelper" target */ = {
			isa = PBXFileSystemSynchronizedBuildFileExceptionSet;
			membershipExceptions = (
				LoginItemHelper/Info.plist,
				PomodoroScreenTimer/Core/AlarmHandle.swift,
				PomodoroScreenTimer/Core/OverlayConfig.swift,
				PomodoroScreenTimer/Core/OverlayController.swift,
				PomodoroScreenTimer/Core/Phase.swift,
				PomodoroScreenTimer/Core/SettingsStore.swift,
				PomodoroScreenTimer/Core/TimerModel.swift,
				"PomodoroScreenTimer/Extensions/Comparable+Extensions.swift",
				PomodoroScreenTimer/Pomodoro_Screen_Timer.xcdatamodeld,
				PomodoroScreenTimer/Pomodoro_Screen_TimerApp.swift,
				PomodoroScreenTimer/Resources/Assets.xcassets,
				PomodoroScreenTimer/Resources/Icon.icon,
				PomodoroScreenTimer/Resources/Info.plist,
				PomodoroScreenTimer/Services/AlarmPlayer.swift,
				PomodoroScreenTimer/Services/AppLifecycle.swift,
				PomodoroScreenTimer/Services/LoginItemManager.swift,
				PomodoroScreenTimer/Services/Persistence.swift,
				PomodoroScreenTimer/Services/SpeechSynthesizer.swift,
				PomodoroScreenTimer/Services/SystemSounds.swift,
				PomodoroScreenTimer/Utils/FileSelectionHelper.swift,
				PomodoroScreenTimer/Utils/OverlayNSWindow.swift,
				PomodoroScreenTimer/Utils/WindowBehaviorConfigurator.swift,
				PomodoroScreenTimer/Views/ContentView.swift,
				PomodoroScreenTimer/Views/MainView.swift,
				PomodoroScreenTimer/Views/MenuBar/MenuBarStatusLabelView.swift,
				PomodoroScreenTimer/Views/MenuBar/MenuBarView.swift,
				PomodoroScreenTimer/Views/MenuBar/StatusImage.swift,
				PomodoroScreenTimer/Views/OverlayView.swift,
				PomodoroScreenTimer/Views/ProgressRingView.swift,
				PomodoroScreenTimer/Views/Settings/Components/AlarmTestButton.swift,
				PomodoroScreenTimer/Views/Settings/Components/DurationRow.swift,
				PomodoroScreenTimer/Views/Settings/Components/ImagePickerRow.swift,
				PomodoroScreenTimer/Views/Settings/Components/OverlaySection.swift,
				PomodoroScreenTimer/Views/Settings/Components/SettingsGridRow.swift,
				PomodoroScreenTimer/Views/Settings/Components/SoundPickerSection.swift,
				PomodoroScreenTimer/Views/Settings/Components/VoicePicker.swift,
				PomodoroScreenTimer/Views/Settings/SettingsView.swift,
				PomodoroScreenTimer/Views/Settings/Tabs/OverlaySettingsTab.swift,
				PomodoroScreenTimer/Views/Settings/Tabs/SoundSettingsTab.swift,
				PomodoroScreenTimer/Views/Settings/Tabs/StartupSettingsTab.swift,
				PomodoroScreenTimer/Views/Settings/Tabs/TimerSettingsTab.swift,
			);
			target = 77C0F85F2E7B2BDF00722B25 /* LoginItemHelper */;
		};
		7753703F2F3E56E300060523 /* Exceptions for "Tests" folder in "Pomodoro Screen TimerTests" target */ = {
			isa = PBXFileSystemSynchronizedBuildFileExceptionSet;
			membershipExceptions = (
				"Pomodoro Screen TimerTests/Pomodoro_Screen_TimerTests.swift",
			);
			target = 77C0F83E2E7B2BCB00722B25 /* Pomodoro Screen TimerTests */;
		};
		775370402F3E56E300060523 /* Exceptions for "Tests" folder in "Pomodoro Screen TimerUITests" target */ = {
			isa = PBXFileSystemSynchronizedBuildFileExceptionSet;
			membershipExceptions = (
				"Pomodoro Screen TimerUITests/Pomodoro_Screen_TimerUITests.swift",
				"Pomodoro Screen TimerUITests/Pomodoro_Screen_TimerUITestsLaunchTests.swift",
			);
			target = 77C0F8482E7B2BCB00722B25 /* Pomodoro Screen TimerUITests */;
		};
		775370412F3E56E300060523 /* Exceptions for "Tests" folder in "LoginItemHelper" target */ = {
			isa = PBXFileSystemSynchronizedBuildFileExceptionSet;
			membershipExceptions = (
				LoginItemHelperTests/LoginItemHelperTests.swift,
				LoginItemHelperUITests/LoginItemHelperUITests.swift,
				LoginItemHelperUITests/LoginItemHelperUITestsLaunchTests.swift,
				"Pomodoro Screen TimerTests/Pomodoro_Screen_TimerTests.swift",
				"Pomodoro Screen TimerUITests/Pomodoro_Screen_TimerUITests.swift",
				"Pomodoro Screen TimerUITests/Pomodoro_Screen_TimerUITestsLaunchTests.swift",
			);
			target = 77C0F85F2E7B2BDF00722B25 /* LoginItemHelper */;
		};
		775370422F3E56E300060523 /* Exceptions for "Tests" folder in "LoginItemHelperTests" target */ = {
			isa = PBXFileSystemSynchronizedBuildFileExceptionSet;
			membershipExceptions = (
				LoginItemHelperTests/LoginItemHelperTests.swift,
			);
			target = 77C0F8702E7B2BE000722B25 /* LoginItemHelperTests */;
		};
		775370432F3E56E300060523 /* Exceptions for "Tests" folder in "LoginItemHelperUITests" target */ = {
			isa = PBXFileSystemSynchronizedBuildFileExceptionSet;
			membershipExceptions = (
				LoginItemHelperUITests/LoginItemHelperUITests.swift,
				LoginItemHelperUITests/LoginItemHelperUITestsLaunchTests.swift,
			);
			target = 77C0F87A2E7B2BE000722B25 /* LoginItemHelperUITests */;
		};
/* End PBXFileSystemSynchronizedBuildFileExceptionSet section */

/* Begin PBXFileSystemSynchronizedRootGroup section */
		77536FDB2F3E568A00060523 /* Sources */ = {
			isa = PBXFileSystemSynchronizedRootGroup;
			exceptions = (
				7753701D2F3E56C300060523 /* Exceptions for "Sources" folder in "Pomodoro Screen Timer" target */,
				7753701F2F3E56C300060523 /* Exceptions for "Sources" folder in "LoginItemHelper" target */,
			);
			path = Sources;
			sourceTree = "<group>";
		};
		7753702E2F3E56D900060523 /* Tests */ = {
			isa = PBXFileSystemSynchronizedRootGroup;
			exceptions = (
				7753703F2F3E56E300060523 /* Exceptions for "Tests" folder in "Pomodoro Screen TimerTests" target */,
				775370402F3E56E300060523 /* Exceptions for "Tests" folder in "Pomodoro Screen TimerUITests" target */,
				775370412F3E56E300060523 /* Exceptions for "Tests" folder in "LoginItemHelper" target */,
				775370422F3E56E300060523 /* Exceptions for "Tests" folder in "LoginItemHelperTests" target */,
				775370432F3E56E300060523 /* Exceptions for "Tests" folder in "LoginItemHelperUITests" target */,
			);
			path = Tests;
			sourceTree = "<group>";
		};
/* End PBXFileSystemSynchronizedRootGroup section */

/* Begin PBXFrameworksBuildPhase section */
		77C0F82A2E7B2BCA00722B25 /* Frameworks */ = {
			isa = PBXFrameworksBuildPhase;
			buildActionMask = 2147483647;
			files = (
			);
			runOnlyForDeploymentPostprocessing = 0;
		};
		77C0F83C2E7B2BCB00722B25 /* Frameworks */ = {
			isa = PBXFrameworksBuildPhase;
			buildActionMask = 2147483647;
			files = (
			);
			runOnlyForDeploymentPostprocessing = 0;
		};
		77C0F8462E7B2BCB00722B25 /* Frameworks */ = {
			isa = PBXFrameworksBuildPhase;
			buildActionMask = 2147483647;
			files = (
			);
			runOnlyForDeploymentPostprocessing = 0;
		};
		77C0F85D2E7B2BDF00722B25 /* Frameworks */ = {
			isa = PBXFrameworksBuildPhase;
			buildActionMask = 2147483647;
			files = (
			);
			runOnlyForDeploymentPostprocessing = 0;
		};
		77C0F86E2E7B2BE000722B25 /* Frameworks */ = {
			isa = PBXFrameworksBuildPhase;
			buildActionMask = 2147483647;
			files = (
			);
			runOnlyForDeploymentPostprocessing = 0;
		};
		77C0F8782E7B2BE000722B25 /* Frameworks */ = {
			isa = PBXFrameworksBuildPhase;
			buildActionMask = 2147483647;
			files = (
			);
			runOnlyForDeploymentPostprocessing = 0;
		};
/* End PBXFrameworksBuildPhase section */

/* Begin PBXGroup section */
		777A57A82E81F55400550E2D /* Frameworks */ = {
			isa = PBXGroup;
			children = (
			);
			name = Frameworks;
			sourceTree = "<group>";
		};
		77C0F8242E7B2BCA00722B25 = {
			isa = PBXGroup;
			children = (
				7753702E2F3E56D900060523 /* Tests */,
				77536FDB2F3E568A00060523 /* Sources */,
				777A57A82E81F55400550E2D /* Frameworks */,
				77C0F82E2E7B2BCA00722B25 /* Products */,
				775370562F3E603200060523 /* Pomodoro-Screen-Timer-Info.plist */,
			);
			sourceTree = "<group>";
		};
		77C0F82E2E7B2BCA00722B25 /* Products */ = {
			isa = PBXGroup;
			children = (
				77C0F82D2E7B2BCA00722B25 /* Pomodoro Screen Timer.app */,
				77C0F83F2E7B2BCB00722B25 /* Pomodoro Screen TimerTests.xctest */,
				77C0F8492E7B2BCB00722B25 /* Pomodoro Screen TimerUITests.xctest */,
				77C0F8602E7B2BDF00722B25 /* LoginItemHelper.app */,
				77C0F8712E7B2BE000722B25 /* LoginItemHelperTests.xctest */,
				77C0F87B2E7B2BE000722B25 /* LoginItemHelperUITests.xctest */,
			);
			name = Products;
			sourceTree = "<group>";
		};
/* End PBXGroup section */

/* Begin PBXNativeTarget section */
		77C0F82C2E7B2BCA00722B25 /* Pomodoro Screen Timer */ = {
			isa = PBXNativeTarget;
			buildConfigurationList = 77C0F8532E7B2BCB00722B25 /* Build configuration list for PBXNativeTarget "Pomodoro Screen Timer" */;
			buildPhases = (
				77C0F8292E7B2BCA00722B25 /* Sources */,
				77C0F82A2E7B2BCA00722B25 /* Frameworks */,
				77C0F82B2E7B2BCA00722B25 /* Resources */,
				777A57B22E81F62500550E2D /* CopyFiles */,
			);
			buildRules = (
			);
			dependencies = (
				777A57B52E81FEBE00550E2D /* PBXTargetDependency */,
			);
			name = "Pomodoro Screen Timer";
			packageProductDependencies = (
			);
			productName = "Pomodoro Screen Timer";
			productReference = 77C0F82D2E7B2BCA00722B25 /* Pomodoro Screen Timer.app */;
			productType = "com.apple.product-type.application";
		};
		77C0F83E2E7B2BCB00722B25 /* Pomodoro Screen TimerTests */ = {
			isa = PBXNativeTarget;
			buildConfigurationList = 77C0F8562E7B2BCB00722B25 /* Build configuration list for PBXNativeTarget "Pomodoro Screen TimerTests" */;
			buildPhases = (
				77C0F83B2E7B2BCB00722B25 /* Sources */,
				77C0F83C2E7B2BCB00722B25 /* Frameworks */,
				77C0F83D2E7B2BCB00722B25 /* Resources */,
			);
			buildRules = (
			);
			dependencies = (
				77C0F8412E7B2BCB00722B25 /* PBXTargetDependency */,
			);
			name = "Pomodoro Screen TimerTests";
			packageProductDependencies = (
			);
			productName = "Pomodoro Screen TimerTests";
			productReference = 77C0F83F2E7B2BCB00722B25 /* Pomodoro Screen TimerTests.xctest */;
			productType = "com.apple.product-type.bundle.unit-test";
		};
		77C0F8482E7B2BCB00722B25 /* Pomodoro Screen TimerUITests */ = {
			isa = PBXNativeTarget;
			buildConfigurationList = 77C0F8592E7B2BCB00722B25 /* Build configuration list for PBXNativeTarget "Pomodoro Screen TimerUITests" */;
			buildPhases = (
				77C0F8452E7B2BCB00722B25 /* Sources */,
				77C0F8462E7B2BCB00722B25 /* Frameworks */,
				77C0F8472E7B2BCB00722B25 /* Resources */,
			);
			buildRules = (
			);
			dependencies = (
				77C0F84B2E7B2BCB00722B25 /* PBXTargetDependency */,
			);
			name = "Pomodoro Screen TimerUITests";
			packageProductDependencies = (
			);
			productName = "Pomodoro Screen TimerUITests";
			productReference = 77C0F8492E7B2BCB00722B25 /* Pomodoro Screen TimerUITests.xctest */;
			productType = "com.apple.product-type.bundle.ui-testing";
		};
		77C0F85F2E7B2BDF00722B25 /* LoginItemHelper */ = {
			isa = PBXNativeTarget;
			buildConfigurationList = 77C0F8832E7B2BE000722B25 /* Build configuration list for PBXNativeTarget "LoginItemHelper" */;
			buildPhases = (
				77C0F85C2E7B2BDF00722B25 /* Sources */,
				77C0F85D2E7B2BDF00722B25 /* Frameworks */,
				77C0F85E2E7B2BDF00722B25 /* Resources */,
			);
			buildRules = (
			);
			dependencies = (
			);
			fileSystemSynchronizedGroups = (
				77536FDB2F3E568A00060523 /* Sources */,
				7753702E2F3E56D900060523 /* Tests */,
			);
			name = LoginItemHelper;
			packageProductDependencies = (
			);
			productName = LoginItemHelper;
			productReference = 77C0F8602E7B2BDF00722B25 /* LoginItemHelper.app */;
			productType = "com.apple.product-type.application";
		};
		77C0F8702E7B2BE000722B25 /* LoginItemHelperTests */ = {
			isa = PBXNativeTarget;
			buildConfigurationList = 77C0F8862E7B2BE000722B25 /* Build configuration list for PBXNativeTarget "LoginItemHelperTests" */;
			buildPhases = (
				77C0F86D2E7B2BE000722B25 /* Sources */,
				77C0F86E2E7B2BE000722B25 /* Frameworks */,
				77C0F86F2E7B2BE000722B25 /* Resources */,
			);
			buildRules = (
			);
			dependencies = (
				77C0F8732E7B2BE000722B25 /* PBXTargetDependency */,
			);
			name = LoginItemHelperTests;
			packageProductDependencies = (
			);
			productName = LoginItemHelperTests;
			productReference = 77C0F8712E7B2BE000722B25 /* LoginItemHelperTests.xctest */;
			productType = "com.apple.product-type.bundle.unit-test";
		};
		77C0F87A2E7B2BE000722B25 /* LoginItemHelperUITests */ = {
			isa = PBXNativeTarget;
			buildConfigurationList = 77C0F8892E7B2BE000722B25 /* Build configuration list for PBXNativeTarget "LoginItemHelperUITests" */;
			buildPhases = (
				77C0F8772E7B2BE000722B25 /* Sources */,
				77C0F8782E7B2BE000722B25 /* Frameworks */,
				77C0F8792E7B2BE000722B25 /* Resources */,
			);
			buildRules = (
			);
			dependencies = (
				77C0F87D2E7B2BE000722B25 /* PBXTargetDependency */,
			);
			name = LoginItemHelperUITests;
			packageProductDependencies = (
			);
			productName = LoginItemHelperUITests;
			productReference = 77C0F87B2E7B2BE000722B25 /* LoginItemHelperUITests.xctest */;
			productType = "com.apple.product-type.bundle.ui-testing";
		};
/* End PBXNativeTarget section */

/* Begin PBXProject section */
		77C0F8252E7B2BCA00722B25 /* Project object */ = {
			isa = PBXProject;
			attributes = {
				BuildIndependentTargetsInParallel = 1;
				LastSwiftUpdateCheck = 2600;
				LastUpgradeCheck = 2620;
				TargetAttributes = {
					77C0F82C2E7B2BCA00722B25 = {
						CreatedOnToolsVersion = 26.0;
					};
					77C0F83E2E7B2BCB00722B25 = {
						CreatedOnToolsVersion = 26.0;
						TestTargetID = 77C0F82C2E7B2BCA00722B25;
					};
					77C0F8482E7B2BCB00722B25 = {
						CreatedOnToolsVersion = 26.0;
						TestTargetID = 77C0F82C2E7B2BCA00722B25;
					};
					77C0F85F2E7B2BDF00722B25 = {
						CreatedOnToolsVersion = 26.0;
					};
					77C0F8702E7B2BE000722B25 = {
						CreatedOnToolsVersion = 26.0;
						TestTargetID = 77C0F85F2E7B2BDF00722B25;
					};
					77C0F87A2E7B2BE000722B25 = {
						CreatedOnToolsVersion = 26.0;
						TestTargetID = 77C0F85F2E7B2BDF00722B25;
					};
				};
			};
			buildConfigurationList = 77C0F8282E7B2BCA00722B25 /* Build configuration list for PBXProject "Pomodoro Screen Timer" */;
			developmentRegion = en;
			hasScannedForEncodings = 0;
			knownRegions = (
				en,
				Base,
			);
			mainGroup = 77C0F8242E7B2BCA00722B25;
			minimizedProjectReferenceProxies = 1;
			preferredProjectObjectVersion = 77;
			productRefGroup = 77C0F82E2E7B2BCA00722B25 /* Products */;
			projectDirPath = "";
			projectRoot = "";
			targets = (
				77C0F82C2E7B2BCA00722B25 /* Pomodoro Screen Timer */,
				77C0F83E2E7B2BCB00722B25 /* Pomodoro Screen TimerTests */,
				77C0F8482E7B2BCB00722B25 /* Pomodoro Screen TimerUITests */,
				77C0F85F2E7B2BDF00722B25 /* LoginItemHelper */,
				77C0F8702E7B2BE000722B25 /* LoginItemHelperTests */,
				77C0F87A2E7B2BE000722B25 /* LoginItemHelperUITests */,
			);
		};
/* End PBXProject section */

/* Begin PBXResourcesBuildPhase section */
		77C0F82B2E7B2BCA00722B25 /* Resources */ = {
			isa = PBXResourcesBuildPhase;
			buildActionMask = 2147483647;
			files = (
				777A57A92E81F55400550E2D /* LoginItemHelper.app in Resources */,
			);
			runOnlyForDeploymentPostprocessing = 0;
		};
		77C0F83D2E7B2BCB00722B25 /* Resources */ = {
			isa = PBXResourcesBuildPhase;
			buildActionMask = 2147483647;
			files = (
			);
			runOnlyForDeploymentPostprocessing = 0;
		};
		77C0F8472E7B2BCB00722B25 /* Resources */ = {
			isa = PBXResourcesBuildPhase;
			buildActionMask = 2147483647;
			files = (
			);
			runOnlyForDeploymentPostprocessing = 0;
		};
		77C0F85E2E7B2BDF00722B25 /* Resources */ = {
			isa = PBXResourcesBuildPhase;
			buildActionMask = 2147483647;
			files = (
				775370572F3E603200060523 /* Pomodoro-Screen-Timer-Info.plist in Resources */,
			);
			runOnlyForDeploymentPostprocessing = 0;
		};
		77C0F86F2E7B2BE000722B25 /* Resources */ = {
			isa = PBXResourcesBuildPhase;
			buildActionMask = 2147483647;
			files = (
			);
			runOnlyForDeploymentPostprocessing = 0;
		};
		77C0F8792E7B2BE000722B25 /* Resources */ = {
			isa = PBXResourcesBuildPhase;
			buildActionMask = 2147483647;
			files = (
			);
			runOnlyForDeploymentPostprocessing = 0;
		};
/* End PBXResourcesBuildPhase section */

/* Begin PBXSourcesBuildPhase section */
		77C0F8292E7B2BCA00722B25 /* Sources */ = {
			isa = PBXSourcesBuildPhase;
			buildActionMask = 2147483647;
			files = (
			);
			runOnlyForDeploymentPostprocessing = 0;
		};
		77C0F83B2E7B2BCB00722B25 /* Sources */ = {
			isa = PBXSourcesBuildPhase;
			buildActionMask = 2147483647;
			files = (
			);
			runOnlyForDeploymentPostprocessing = 0;
		};
		77C0F8452E7B2BCB00722B25 /* Sources */ = {
			isa = PBXSourcesBuildPhase;
			buildActionMask = 2147483647;
			files = (
			);
			runOnlyForDeploymentPostprocessing = 0;
		};
		77C0F85C2E7B2BDF00722B25 /* Sources */ = {
			isa = PBXSourcesBuildPhase;
			buildActionMask = 2147483647;
			files = (
			);
			runOnlyForDeploymentPostprocessing = 0;
		};
		77C0F86D2E7B2BE000722B25 /* Sources */ = {
			isa = PBXSourcesBuildPhase;
			buildActionMask = 2147483647;
			files = (
			);
			runOnlyForDeploymentPostprocessing = 0;
		};
		77C0F8772E7B2BE000722B25 /* Sources */ = {
			isa = PBXSourcesBuildPhase;
			buildActionMask = 2147483647;
			files = (
			);
			runOnlyForDeploymentPostprocessing = 0;
		};
/* End PBXSourcesBuildPhase section */

/* Begin PBXTargetDependency section */
		777A57B52E81FEBE00550E2D /* PBXTargetDependency */ = {
			isa = PBXTargetDependency;
			target = 77C0F85F2E7B2BDF00722B25 /* LoginItemHelper */;
			targetProxy = 777A57B42E81FEBE00550E2D /* PBXContainerItemProxy */;
		};
		77C0F8412E7B2BCB00722B25 /* PBXTargetDependency */ = {
			isa = PBXTargetDependency;
			target = 77C0F82C2E7B2BCA00722B25 /* Pomodoro Screen Timer */;
			targetProxy = 77C0F8402E7B2BCB00722B25 /* PBXContainerItemProxy */;
		};
		77C0F84B2E7B2BCB00722B25 /* PBXTargetDependency */ = {
			isa = PBXTargetDependency;
			target = 77C0F82C2E7B2BCA00722B25 /* Pomodoro Screen Timer */;
			targetProxy = 77C0F84A2E7B2BCB00722B25 /* PBXContainerItemProxy */;
		};
		77C0F8732E7B2BE000722B25 /* PBXTargetDependency */ = {
			isa = PBXTargetDependency;
			target = 77C0F85F2E7B2BDF00722B25 /* LoginItemHelper */;
			targetProxy = 77C0F8722E7B2BE000722B25 /* PBXContainerItemProxy */;
		};
		77C0F87D2E7B2BE000722B25 /* PBXTargetDependency */ = {
			isa = PBXTargetDependency;
			target = 77C0F85F2E7B2BDF00722B25 /* LoginItemHelper */;
			targetProxy = 77C0F87C2E7B2BE000722B25 /* PBXContainerItemProxy */;
		};
/* End PBXTargetDependency section */

/* Begin XCBuildConfiguration section */
		77C0F8512E7B2BCB00722B25 /* Debug */ = {
			isa = XCBuildConfiguration;
			buildSettings = {
				ALWAYS_SEARCH_USER_PATHS = NO;
				ASSETCATALOG_COMPILER_GENERATE_SWIFT_ASSET_SYMBOL_EXTENSIONS = YES;
				CLANG_ANALYZER_NONNULL = YES;
				CLANG_ANALYZER_NUMBER_OBJECT_CONVERSION = YES_AGGRESSIVE;
				CLANG_CXX_LANGUAGE_STANDARD = "gnu++20";
				CLANG_ENABLE_MODULES = YES;
				CLANG_ENABLE_OBJC_ARC = YES;
				CLANG_ENABLE_OBJC_WEAK = YES;
				CLANG_WARN_BLOCK_CAPTURE_AUTORELEASING = YES;
				CLANG_WARN_BOOL_CONVERSION = YES;
				CLANG_WARN_COMMA = YES;
				CLANG_WARN_CONSTANT_CONVERSION = YES;
				CLANG_WARN_DEPRECATED_OBJC_IMPLEMENTATIONS = YES;
				CLANG_WARN_DIRECT_OBJC_ISA_USAGE = YES_ERROR;
				CLANG_WARN_DOCUMENTATION_COMMENTS = YES;
				CLANG_WARN_EMPTY_BODY = YES;
				CLANG_WARN_ENUM_CONVERSION = YES;
				CLANG_WARN_INFINITE_RECURSION = YES;
				CLANG_WARN_INT_CONVERSION = YES;
				CLANG_WARN_NON_LITERAL_NULL_CONVERSION = YES;
				CLANG_WARN_OBJC_IMPLICIT_RETAIN_SELF = YES;
				CLANG_WARN_OBJC_LITERAL_CONVERSION = YES;
				CLANG_WARN_OBJC_ROOT_CLASS = YES_ERROR;
				CLANG_WARN_QUOTED_INCLUDE_IN_FRAMEWORK_HEADER = YES;
				CLANG_WARN_RANGE_LOOP_ANALYSIS = YES;
				CLANG_WARN_STRICT_PROTOTYPES = YES;
				CLANG_WARN_SUSPICIOUS_MOVE = YES;
				CLANG_WARN_UNGUARDED_AVAILABILITY = YES_AGGRESSIVE;
				CLANG_WARN_UNREACHABLE_CODE = YES;
				CLANG_WARN__DUPLICATE_METHOD_MATCH = YES;
				CODE_SIGN_IDENTITY = "Developer ID Application: Mia Hunt (4437J3J692)";
				COPY_PHASE_STRIP = NO;
				DEAD_CODE_STRIPPING = YES;
				DEBUG_INFORMATION_FORMAT = dwarf;
				DEVELOPMENT_TEAM = 4437J3J692;
				ENABLE_STRICT_OBJC_MSGSEND = YES;
				ENABLE_TESTABILITY = YES;
				ENABLE_USER_SCRIPT_SANDBOXING = YES;
				GCC_C_LANGUAGE_STANDARD = gnu17;
				GCC_DYNAMIC_NO_PIC = NO;
				GCC_NO_COMMON_BLOCKS = YES;
				GCC_OPTIMIZATION_LEVEL = 0;
				GCC_PREPROCESSOR_DEFINITIONS = (
					"DEBUG=1",
					"$(inherited)",
				);
				GCC_WARN_64_TO_32_BIT_CONVERSION = YES;
				GCC_WARN_ABOUT_RETURN_TYPE = YES_ERROR;
				GCC_WARN_UNDECLARED_SELECTOR = YES;
				GCC_WARN_UNINITIALIZED_AUTOS = YES_AGGRESSIVE;
				GCC_WARN_UNUSED_FUNCTION = YES;
				GCC_WARN_UNUSED_VARIABLE = YES;
				LOCALIZATION_PREFERS_STRING_CATALOGS = YES;
				MACOSX_DEPLOYMENT_TARGET = 15.6;
				MTL_ENABLE_DEBUG_INFO = INCLUDE_SOURCE;
				MTL_FAST_MATH = YES;
				ONLY_ACTIVE_ARCH = YES;
				SDKROOT = macosx;
				STRING_CATALOG_GENERATE_SYMBOLS = YES;
				SWIFT_ACTIVE_COMPILATION_CONDITIONS = "DEBUG $(inherited)";
				SWIFT_OPTIMIZATION_LEVEL = "-Onone";
			};
			name = Debug;
		};
		77C0F8522E7B2BCB00722B25 /* Release */ = {
			isa = XCBuildConfiguration;
			buildSettings = {
				ALWAYS_SEARCH_USER_PATHS = NO;
				ASSETCATALOG_COMPILER_GENERATE_SWIFT_ASSET_SYMBOL_EXTENSIONS = YES;
				CLANG_ANALYZER_NONNULL = YES;
				CLANG_ANALYZER_NUMBER_OBJECT_CONVERSION = YES_AGGRESSIVE;
				CLANG_CXX_LANGUAGE_STANDARD = "gnu++20";
				CLANG_ENABLE_MODULES = YES;
				CLANG_ENABLE_OBJC_ARC = YES;
				CLANG_ENABLE_OBJC_WEAK = YES;
				CLANG_WARN_BLOCK_CAPTURE_AUTORELEASING = YES;
				CLANG_WARN_BOOL_CONVERSION = YES;
				CLANG_WARN_COMMA = YES;
				CLANG_WARN_CONSTANT_CONVERSION = YES;
				CLANG_WARN_DEPRECATED_OBJC_IMPLEMENTATIONS = YES;
				CLANG_WARN_DIRECT_OBJC_ISA_USAGE = YES_ERROR;
				CLANG_WARN_DOCUMENTATION_COMMENTS = YES;
				CLANG_WARN_EMPTY_BODY = YES;
				CLANG_WARN_ENUM_CONVERSION = YES;
				CLANG_WARN_INFINITE_RECURSION = YES;
				CLANG_WARN_INT_CONVERSION = YES;
				CLANG_WARN_NON_LITERAL_NULL_CONVERSION = YES;
				CLANG_WARN_OBJC_IMPLICIT_RETAIN_SELF = YES;
				CLANG_WARN_OBJC_LITERAL_CONVERSION = YES;
				CLANG_WARN_OBJC_ROOT_CLASS = YES_ERROR;
				CLANG_WARN_QUOTED_INCLUDE_IN_FRAMEWORK_HEADER = YES;
				CLANG_WARN_RANGE_LOOP_ANALYSIS = YES;
				CLANG_WARN_STRICT_PROTOTYPES = YES;
				CLANG_WARN_SUSPICIOUS_MOVE = YES;
				CLANG_WARN_UNGUARDED_AVAILABILITY = YES_AGGRESSIVE;
				CLANG_WARN_UNREACHABLE_CODE = YES;
				CLANG_WARN__DUPLICATE_METHOD_MATCH = YES;
				CODE_SIGN_IDENTITY = "Developer ID Application: Mia Hunt (4437J3J692)";
				COPY_PHASE_STRIP = NO;
				DEAD_CODE_STRIPPING = YES;
				DEBUG_INFORMATION_FORMAT = "dwarf-with-dsym";
				DEVELOPMENT_TEAM = 4437J3J692;
				ENABLE_NS_ASSERTIONS = NO;
				ENABLE_STRICT_OBJC_MSGSEND = YES;
				ENABLE_USER_SCRIPT_SANDBOXING = YES;
				GCC_C_LANGUAGE_STANDARD = gnu17;
				GCC_NO_COMMON_BLOCKS = YES;
				GCC_WARN_64_TO_32_BIT_CONVERSION = YES;
				GCC_WARN_ABOUT_RETURN_TYPE = YES_ERROR;
				GCC_WARN_UNDECLARED_SELECTOR = YES;
				GCC_WARN_UNINITIALIZED_AUTOS = YES_AGGRESSIVE;
				GCC_WARN_UNUSED_FUNCTION = YES;
				GCC_WARN_UNUSED_VARIABLE = YES;
				LOCALIZATION_PREFERS_STRING_CATALOGS = YES;
				MACOSX_DEPLOYMENT_TARGET = 15.6;
				MTL_ENABLE_DEBUG_INFO = NO;
				MTL_FAST_MATH = YES;
				SDKROOT = macosx;
				STRING_CATALOG_GENERATE_SYMBOLS = YES;
				SWIFT_COMPILATION_MODE = wholemodule;
			};
			name = Release;
		};
		77C0F8542E7B2BCB00722B25 /* Debug */ = {
			isa = XCBuildConfiguration;
			buildSettings = {
				ASSETCATALOG_COMPILER_APPICON_NAME = Icon;
				ASSETCATALOG_COMPILER_GLOBAL_ACCENT_COLOR_NAME = AccentColor;
				ASSETCATALOG_COMPILER_INCLUDE_ALL_APPICON_ASSETS = YES;
				AUTOMATION_APPLE_EVENTS = NO;
				CODE_SIGN_IDENTITY = "Developer ID Application: Mia Hunt (4437J3J692)";
				"CODE_SIGN_IDENTITY[sdk=macosx*]" = "Developer ID Application";
				CODE_SIGN_STYLE = Manual;
				COMBINE_HIDPI_IMAGES = YES;
				CURRENT_PROJECT_VERSION = 1;
				DEAD_CODE_STRIPPING = YES;
				DEVELOPMENT_TEAM = 4437J3J692;
				ENABLE_APP_SANDBOX = YES;
				ENABLE_HARDENED_RUNTIME = YES;
				ENABLE_PREVIEWS = YES;
				ENABLE_RESOURCE_ACCESS_AUDIO_INPUT = NO;
				ENABLE_RESOURCE_ACCESS_CALENDARS = NO;
				ENABLE_RESOURCE_ACCESS_CAMERA = NO;
				ENABLE_RESOURCE_ACCESS_CONTACTS = NO;
				ENABLE_RESOURCE_ACCESS_LOCATION = NO;
				ENABLE_RESOURCE_ACCESS_PHOTO_LIBRARY = NO;
				ENABLE_USER_SELECTED_FILES = readonly;
				GENERATE_INFOPLIST_FILE = YES;
				INFOPLIST_FILE = Sources/PomodoroScreenTimer/Resources/Info.plist;
				INFOPLIST_KEY_LSApplicationCategoryType = "public.app-category.productivity";
				INFOPLIST_KEY_LSUIElement = YES;
				INFOPLIST_KEY_NSHumanReadableCopyright = "";
				LD_RUNPATH_SEARCH_PATHS = (
					"$(inherited)",
					"@executable_path/../Frameworks",
				);
				MARKETING_VERSION = 1.0;
				PRODUCT_BUNDLE_IDENTIFIER = "PomodoroScreenTimer.Pomodoro-Screen-Timer";
				PRODUCT_NAME = "$(TARGET_NAME)";
				REGISTER_APP_GROUPS = YES;
				RUNTIME_EXCEPTION_ALLOW_DYLD_ENVIRONMENT_VARIABLES = NO;
				RUNTIME_EXCEPTION_ALLOW_JIT = NO;
				RUNTIME_EXCEPTION_ALLOW_UNSIGNED_EXECUTABLE_MEMORY = NO;
				RUNTIME_EXCEPTION_DEBUGGING_TOOL = NO;
				RUNTIME_EXCEPTION_DISABLE_EXECUTABLE_PAGE_PROTECTION = NO;
				RUNTIME_EXCEPTION_DISABLE_LIBRARY_VALIDATION = NO;
				STRING_CATALOG_GENERATE_SYMBOLS = YES;
				SWIFT_APPROACHABLE_CONCURRENCY = YES;
				SWIFT_DEFAULT_ACTOR_ISOLATION = MainActor;
				SWIFT_EMIT_LOC_STRINGS = YES;
				SWIFT_UPCOMING_FEATURE_MEMBER_IMPORT_VISIBILITY = YES;
				SWIFT_VERSION = 5.0;
			};
			name = Debug;
		};
		77C0F8552E7B2BCB00722B25 /* Release */ = {
			isa = XCBuildConfiguration;
			buildSettings = {
				ASSETCATALOG_COMPILER_APPICON_NAME = Icon;
				ASSETCATALOG_COMPILER_GLOBAL_ACCENT_COLOR_NAME = AccentColor;
				ASSETCATALOG_COMPILER_INCLUDE_ALL_APPICON_ASSETS = YES;
				AUTOMATION_APPLE_EVENTS = NO;
				CODE_SIGN_IDENTITY = "Developer ID Application: Mia Hunt (4437J3J692)";
				"CODE_SIGN_IDENTITY[sdk=macosx*]" = "Developer ID Application: Mia Hunt (4437J3J692)";
				CODE_SIGN_STYLE = Manual;
				COMBINE_HIDPI_IMAGES = YES;
				CURRENT_PROJECT_VERSION = 1;
				DEAD_CODE_STRIPPING = YES;
				DEVELOPMENT_TEAM = 4437J3J692;
				ENABLE_APP_SANDBOX = YES;
				ENABLE_HARDENED_RUNTIME = YES;
				ENABLE_PREVIEWS = YES;
				ENABLE_RESOURCE_ACCESS_AUDIO_INPUT = NO;
				ENABLE_RESOURCE_ACCESS_CALENDARS = NO;
				ENABLE_RESOURCE_ACCESS_CAMERA = NO;
				ENABLE_RESOURCE_ACCESS_CONTACTS = NO;
				ENABLE_RESOURCE_ACCESS_LOCATION = NO;
				ENABLE_RESOURCE_ACCESS_PHOTO_LIBRARY = NO;
				ENABLE_USER_SELECTED_FILES = readonly;
				GENERATE_INFOPLIST_FILE = YES;
				INFOPLIST_FILE = Sources/PomodoroScreenTimer/Resources/Info.plist;
				INFOPLIST_KEY_LSApplicationCategoryType = "public.app-category.productivity";
				INFOPLIST_KEY_LSUIElement = YES;
				INFOPLIST_KEY_NSHumanReadableCopyright = "";
				LD_RUNPATH_SEARCH_PATHS = (
					"$(inherited)",
					"@executable_path/../Frameworks",
				);
				MARKETING_VERSION = 1.0;
				PRODUCT_BUNDLE_IDENTIFIER = "PomodoroScreenTimer.Pomodoro-Screen-Timer";
				PRODUCT_NAME = "$(TARGET_NAME)";
				REGISTER_APP_GROUPS = YES;
				RUNTIME_EXCEPTION_ALLOW_DYLD_ENVIRONMENT_VARIABLES = NO;
				RUNTIME_EXCEPTION_ALLOW_JIT = NO;
				RUNTIME_EXCEPTION_ALLOW_UNSIGNED_EXECUTABLE_MEMORY = NO;
				RUNTIME_EXCEPTION_DEBUGGING_TOOL = NO;
				RUNTIME_EXCEPTION_DISABLE_EXECUTABLE_PAGE_PROTECTION = NO;
				RUNTIME_EXCEPTION_DISABLE_LIBRARY_VALIDATION = NO;
				STRING_CATALOG_GENERATE_SYMBOLS = YES;
				SWIFT_APPROACHABLE_CONCURRENCY = YES;
				SWIFT_DEFAULT_ACTOR_ISOLATION = MainActor;
				SWIFT_EMIT_LOC_STRINGS = YES;
				SWIFT_UPCOMING_FEATURE_MEMBER_IMPORT_VISIBILITY = YES;
				SWIFT_VERSION = 5.0;
			};
			name = Release;
		};
		77C0F8572E7B2BCB00722B25 /* Debug */ = {
			isa = XCBuildConfiguration;
			buildSettings = {
				BUNDLE_LOADER = "$(TEST_HOST)";
				CODE_SIGN_IDENTITY = "Apple Development";
				CODE_SIGN_STYLE = Automatic;
				CURRENT_PROJECT_VERSION = 1;
				DEAD_CODE_STRIPPING = YES;
				DEVELOPMENT_TEAM = 4437J3J692;
				GENERATE_INFOPLIST_FILE = YES;
				MACOSX_DEPLOYMENT_TARGET = 15.6;
				MARKETING_VERSION = 1.0;
				PRODUCT_BUNDLE_IDENTIFIER = "PomodoroScreenTimer.Pomodoro-Screen-TimerTests";
				PRODUCT_NAME = "$(TARGET_NAME)";
				STRING_CATALOG_GENERATE_SYMBOLS = NO;
				SWIFT_APPROACHABLE_CONCURRENCY = YES;
				SWIFT_EMIT_LOC_STRINGS = NO;
				SWIFT_UPCOMING_FEATURE_MEMBER_IMPORT_VISIBILITY = YES;
				SWIFT_VERSION = 5.0;
				TEST_HOST = "$(BUILT_PRODUCTS_DIR)/Pomodoro Screen Timer.app/$(BUNDLE_EXECUTABLE_FOLDER_PATH)/Pomodoro Screen Timer";
			};
			name = Debug;
		};
		77C0F8582E7B2BCB00722B25 /* Release */ = {
			isa = XCBuildConfiguration;
			buildSettings = {
				BUNDLE_LOADER = "$(TEST_HOST)";
				CODE_SIGN_IDENTITY = "Apple Development";
				CODE_SIGN_STYLE = Automatic;
				CURRENT_PROJECT_VERSION = 1;
				DEAD_CODE_STRIPPING = YES;
				DEVELOPMENT_TEAM = 4437J3J692;
				GENERATE_INFOPLIST_FILE = YES;
				MACOSX_DEPLOYMENT_TARGET = 15.6;
				MARKETING_VERSION = 1.0;
				PRODUCT_BUNDLE_IDENTIFIER = "PomodoroScreenTimer.Pomodoro-Screen-TimerTests";
				PRODUCT_NAME = "$(TARGET_NAME)";
				STRING_CATALOG_GENERATE_SYMBOLS = NO;
				SWIFT_APPROACHABLE_CONCURRENCY = YES;
				SWIFT_EMIT_LOC_STRINGS = NO;
				SWIFT_UPCOMING_FEATURE_MEMBER_IMPORT_VISIBILITY = YES;
				SWIFT_VERSION = 5.0;
				TEST_HOST = "$(BUILT_PRODUCTS_DIR)/Pomodoro Screen Timer.app/$(BUNDLE_EXECUTABLE_FOLDER_PATH)/Pomodoro Screen Timer";
			};
			name = Release;
		};
		77C0F85A2E7B2BCB00722B25 /* Debug */ = {
			isa = XCBuildConfiguration;
			buildSettings = {
				CODE_SIGN_IDENTITY = "Apple Development";
				CODE_SIGN_STYLE = Automatic;
				CURRENT_PROJECT_VERSION = 1;
				DEAD_CODE_STRIPPING = YES;
				DEVELOPMENT_TEAM = 4437J3J692;
				GENERATE_INFOPLIST_FILE = YES;
				MARKETING_VERSION = 1.0;
				PRODUCT_BUNDLE_IDENTIFIER = "PomodoroScreenTimer.Pomodoro-Screen-TimerUITests";
				PRODUCT_NAME = "$(TARGET_NAME)";
				STRING_CATALOG_GENERATE_SYMBOLS = NO;
				SWIFT_APPROACHABLE_CONCURRENCY = YES;
				SWIFT_EMIT_LOC_STRINGS = NO;
				SWIFT_UPCOMING_FEATURE_MEMBER_IMPORT_VISIBILITY = YES;
				SWIFT_VERSION = 5.0;
				TEST_TARGET_NAME = "Pomodoro Screen Timer";
			};
			name = Debug;
		};
		77C0F85B2E7B2BCB00722B25 /* Release */ = {
			isa = XCBuildConfiguration;
			buildSettings = {
				CODE_SIGN_IDENTITY = "Apple Development";
				CODE_SIGN_STYLE = Automatic;
				CURRENT_PROJECT_VERSION = 1;
				DEAD_CODE_STRIPPING = YES;
				DEVELOPMENT_TEAM = 4437J3J692;
				GENERATE_INFOPLIST_FILE = YES;
				MARKETING_VERSION = 1.0;
				PRODUCT_BUNDLE_IDENTIFIER = "PomodoroScreenTimer.Pomodoro-Screen-TimerUITests";
				PRODUCT_NAME = "$(TARGET_NAME)";
				STRING_CATALOG_GENERATE_SYMBOLS = NO;
				SWIFT_APPROACHABLE_CONCURRENCY = YES;
				SWIFT_EMIT_LOC_STRINGS = NO;
				SWIFT_UPCOMING_FEATURE_MEMBER_IMPORT_VISIBILITY = YES;
				SWIFT_VERSION = 5.0;
				TEST_TARGET_NAME = "Pomodoro Screen Timer";
			};
			name = Release;
		};
		77C0F8842E7B2BE000722B25 /* Debug */ = {
			isa = XCBuildConfiguration;
			buildSettings = {
				ASSETCATALOG_COMPILER_APPICON_NAME = Icon;
				ASSETCATALOG_COMPILER_GLOBAL_ACCENT_COLOR_NAME = AccentColor;
				ASSETCATALOG_COMPILER_INCLUDE_ALL_APPICON_ASSETS = YES;
				CODE_SIGN_IDENTITY = "Developer ID Application: Mia Hunt (4437J3J692)";
				"CODE_SIGN_IDENTITY[sdk=macosx*]" = "Developer ID Application: Mia Hunt (4437J3J692)";
				CODE_SIGN_STYLE = Manual;
				COMBINE_HIDPI_IMAGES = YES;
				CURRENT_PROJECT_VERSION = 1;
				DEAD_CODE_STRIPPING = YES;
				DEVELOPMENT_TEAM = 4437J3J692;
				ENABLE_APP_SANDBOX = YES;
				ENABLE_HARDENED_RUNTIME = YES;
				ENABLE_PREVIEWS = YES;
				ENABLE_USER_SELECTED_FILES = readonly;
				GENERATE_INFOPLIST_FILE = YES;
				INFOPLIST_FILE = Sources/LoginItemHelper/Info.plist;
				INFOPLIST_KEY_LSApplicationCategoryType = "public.app-category.productivity";
				INFOPLIST_KEY_LSBackgroundOnly = YES;
				INFOPLIST_KEY_NSHumanReadableCopyright = "";
				LD_RUNPATH_SEARCH_PATHS = (
					"$(inherited)",
					"@executable_path/../Frameworks",
				);
				MARKETING_VERSION = 1.0;
				PRODUCT_BUNDLE_IDENTIFIER = "PomodoroScreenTimer.Pomodoro-Screen-Timer.LoginItemHelper";
				PRODUCT_NAME = "$(TARGET_NAME)";
				REGISTER_APP_GROUPS = YES;
				STRING_CATALOG_GENERATE_SYMBOLS = YES;
				SWIFT_APPROACHABLE_CONCURRENCY = YES;
				SWIFT_DEFAULT_ACTOR_ISOLATION = MainActor;
				SWIFT_EMIT_LOC_STRINGS = YES;
				SWIFT_UPCOMING_FEATURE_MEMBER_IMPORT_VISIBILITY = YES;
				SWIFT_VERSION = 5.0;
			};
			name = Debug;
		};
		77C0F8852E7B2BE000722B25 /* Release */ = {
			isa = XCBuildConfiguration;
			buildSettings = {
				ASSETCATALOG_COMPILER_APPICON_NAME = Icon;
				ASSETCATALOG_COMPILER_GLOBAL_ACCENT_COLOR_NAME = AccentColor;
				ASSETCATALOG_COMPILER_INCLUDE_ALL_APPICON_ASSETS = YES;
				CODE_SIGN_IDENTITY = "Developer ID Application: Mia Hunt (4437J3J692)";
				"CODE_SIGN_IDENTITY[sdk=macosx*]" = "Developer ID Application: Mia Hunt (4437J3J692)";
				CODE_SIGN_STYLE = Manual;
				COMBINE_HIDPI_IMAGES = YES;
				CURRENT_PROJECT_VERSION = 1;
				DEAD_CODE_STRIPPING = YES;
				DEVELOPMENT_TEAM = 4437J3J692;
				ENABLE_APP_SANDBOX = YES;
				ENABLE_HARDENED_RUNTIME = YES;
				ENABLE_PREVIEWS = YES;
				ENABLE_USER_SELECTED_FILES = readonly;
				GENERATE_INFOPLIST_FILE = YES;
				INFOPLIST_FILE = Sources/LoginItemHelper/Info.plist;
				INFOPLIST_KEY_LSApplicationCategoryType = "public.app-category.productivity";
				INFOPLIST_KEY_LSBackgroundOnly = YES;
				INFOPLIST_KEY_NSHumanReadableCopyright = "";
				LD_RUNPATH_SEARCH_PATHS = (
					"$(inherited)",
					"@executable_path/../Frameworks",
				);
				MARKETING_VERSION = 1.0;
				PRODUCT_BUNDLE_IDENTIFIER = "PomodoroScreenTimer.Pomodoro-Screen-Timer.LoginItemHelper";
				PRODUCT_NAME = "$(TARGET_NAME)";
				REGISTER_APP_GROUPS = YES;
				STRING_CATALOG_GENERATE_SYMBOLS = YES;
				SWIFT_APPROACHABLE_CONCURRENCY = YES;
				SWIFT_DEFAULT_ACTOR_ISOLATION = MainActor;
				SWIFT_EMIT_LOC_STRINGS = YES;
				SWIFT_UPCOMING_FEATURE_MEMBER_IMPORT_VISIBILITY = YES;
				SWIFT_VERSION = 5.0;
			};
			name = Release;
		};
		77C0F8872E7B2BE000722B25 /* Debug */ = {
			isa = XCBuildConfiguration;
			buildSettings = {
				BUNDLE_LOADER = "$(TEST_HOST)";
				CODE_SIGN_IDENTITY = "Apple Development";
				CODE_SIGN_STYLE = Automatic;
				CURRENT_PROJECT_VERSION = 1;
				DEAD_CODE_STRIPPING = YES;
				DEVELOPMENT_TEAM = 4437J3J692;
				GENERATE_INFOPLIST_FILE = YES;
				MACOSX_DEPLOYMENT_TARGET = 15.6;
				MARKETING_VERSION = 1.0;
				PRODUCT_BUNDLE_IDENTIFIER = PomodoroScreenTimer.LoginItemHelperTests;
				PRODUCT_NAME = "$(TARGET_NAME)";
				STRING_CATALOG_GENERATE_SYMBOLS = NO;
				SWIFT_APPROACHABLE_CONCURRENCY = YES;
				SWIFT_EMIT_LOC_STRINGS = NO;
				SWIFT_UPCOMING_FEATURE_MEMBER_IMPORT_VISIBILITY = YES;
				SWIFT_VERSION = 5.0;
				TEST_HOST = "$(BUILT_PRODUCTS_DIR)/LoginItemHelper.app/$(BUNDLE_EXECUTABLE_FOLDER_PATH)/LoginItemHelper";
			};
			name = Debug;
		};
		77C0F8882E7B2BE000722B25 /* Release */ = {
			isa = XCBuildConfiguration;
			buildSettings = {
				BUNDLE_LOADER = "$(TEST_HOST)";
				CODE_SIGN_IDENTITY = "Apple Development";
				CODE_SIGN_STYLE = Automatic;
				CURRENT_PROJECT_VERSION = 1;
				DEAD_CODE_STRIPPING = YES;
				DEVELOPMENT_TEAM = 4437J3J692;
				GENERATE_INFOPLIST_FILE = YES;
				MACOSX_DEPLOYMENT_TARGET = 15.6;
				MARKETING_VERSION = 1.0;
				PRODUCT_BUNDLE_IDENTIFIER = PomodoroScreenTimer.LoginItemHelperTests;
				PRODUCT_NAME = "$(TARGET_NAME)";
				STRING_CATALOG_GENERATE_SYMBOLS = NO;
				SWIFT_APPROACHABLE_CONCURRENCY = YES;
				SWIFT_EMIT_LOC_STRINGS = NO;
				SWIFT_UPCOMING_FEATURE_MEMBER_IMPORT_VISIBILITY = YES;
				SWIFT_VERSION = 5.0;
				TEST_HOST = "$(BUILT_PRODUCTS_DIR)/LoginItemHelper.app/$(BUNDLE_EXECUTABLE_FOLDER_PATH)/LoginItemHelper";
			};
			name = Release;
		};
		77C0F88A2E7B2BE000722B25 /* Debug */ = {
			isa = XCBuildConfiguration;
			buildSettings = {
				CODE_SIGN_IDENTITY = "Apple Development";
				CODE_SIGN_STYLE = Automatic;
				CURRENT_PROJECT_VERSION = 1;
				DEAD_CODE_STRIPPING = YES;
				DEVELOPMENT_TEAM = 4437J3J692;
				GENERATE_INFOPLIST_FILE = YES;
				MARKETING_VERSION = 1.0;
				PRODUCT_BUNDLE_IDENTIFIER = PomodoroScreenTimer.LoginItemHelperUITests;
				PRODUCT_NAME = "$(TARGET_NAME)";
				STRING_CATALOG_GENERATE_SYMBOLS = NO;
				SWIFT_APPROACHABLE_CONCURRENCY = YES;
				SWIFT_EMIT_LOC_STRINGS = NO;
				SWIFT_UPCOMING_FEATURE_MEMBER_IMPORT_VISIBILITY = YES;
				SWIFT_VERSION = 5.0;
				TEST_TARGET_NAME = LoginItemHelper;
			};
			name = Debug;
		};
		77C0F88B2E7B2BE000722B25 /* Release */ = {
			isa = XCBuildConfiguration;
			buildSettings = {
				CODE_SIGN_IDENTITY = "Apple Development";
				CODE_SIGN_STYLE = Automatic;
				CURRENT_PROJECT_VERSION = 1;
				DEAD_CODE_STRIPPING = YES;
				DEVELOPMENT_TEAM = 4437J3J692;
				GENERATE_INFOPLIST_FILE = YES;
				MARKETING_VERSION = 1.0;
				PRODUCT_BUNDLE_IDENTIFIER = PomodoroScreenTimer.LoginItemHelperUITests;
				PRODUCT_NAME = "$(TARGET_NAME)";
				STRING_CATALOG_GENERATE_SYMBOLS = NO;
				SWIFT_APPROACHABLE_CONCURRENCY = YES;
				SWIFT_EMIT_LOC_STRINGS = NO;
				SWIFT_UPCOMING_FEATURE_MEMBER_IMPORT_VISIBILITY = YES;
				SWIFT_VERSION = 5.0;
				TEST_TARGET_NAME = LoginItemHelper;
			};
			name = Release;
		};
/* End XCBuildConfiguration section */

/* Begin XCConfigurationList section */
		77C0F8282E7B2BCA00722B25 /* Build configuration list for PBXProject "Pomodoro Screen Timer" */ = {
			isa = XCConfigurationList;
			buildConfigurations = (
				77C0F8512E7B2BCB00722B25 /* Debug */,
				77C0F8522E7B2BCB00722B25 /* Release */,
			);
			defaultConfigurationIsVisible = 0;
			defaultConfigurationName = Release;
		};
		77C0F8532E7B2BCB00722B25 /* Build configuration list for PBXNativeTarget "Pomodoro Screen Timer" */ = {
			isa = XCConfigurationList;
			buildConfigurations = (
				77C0F8542E7B2BCB00722B25 /* Debug */,
				77C0F8552E7B2BCB00722B25 /* Release */,
			);
			defaultConfigurationIsVisible = 0;
			defaultConfigurationName = Release;
		};
		77C0F8562E7B2BCB00722B25 /* Build configuration list for PBXNativeTarget "Pomodoro Screen TimerTests" */ = {
			isa = XCConfigurationList;
			buildConfigurations = (
				77C0F8572E7B2BCB00722B25 /* Debug */,
				77C0F8582E7B2BCB00722B25 /* Release */,
			);
			defaultConfigurationIsVisible = 0;
			defaultConfigurationName = Release;
		};
		77C0F8592E7B2BCB00722B25 /* Build configuration list for PBXNativeTarget "Pomodoro Screen TimerUITests" */ = {
			isa = XCConfigurationList;
			buildConfigurations = (
				77C0F85A2E7B2BCB00722B25 /* Debug */,
				77C0F85B2E7B2BCB00722B25 /* Release */,
			);
			defaultConfigurationIsVisible = 0;
			defaultConfigurationName = Release;
		};
		77C0F8832E7B2BE000722B25 /* Build configuration list for PBXNativeTarget "LoginItemHelper" */ = {
			isa = XCConfigurationList;
			buildConfigurations = (
				77C0F8842E7B2BE000722B25 /* Debug */,
				77C0F8852E7B2BE000722B25 /* Release */,
			);
			defaultConfigurationIsVisible = 0;
			defaultConfigurationName = Release;
		};
		77C0F8862E7B2BE000722B25 /* Build configuration list for PBXNativeTarget "LoginItemHelperTests" */ = {
			isa = XCConfigurationList;
			buildConfigurations = (
				77C0F8872E7B2BE000722B25 /* Debug */,
				77C0F8882E7B2BE000722B25 /* Release */,
			);
			defaultConfigurationIsVisible = 0;
			defaultConfigurationName = Release;
		};
		77C0F8892E7B2BE000722B25 /* Build configuration list for PBXNativeTarget "LoginItemHelperUITests" */ = {
			isa = XCConfigurationList;
			buildConfigurations = (
				77C0F88A2E7B2BE000722B25 /* Debug */,
				77C0F88B2E7B2BE000722B25 /* Release */,
			);
			defaultConfigurationIsVisible = 0;
			defaultConfigurationName = Release;
		};
/* End XCConfigurationList section */
	};
	rootObject = 77C0F8252E7B2BCA00722B25 /* Project object */;
}
